
Microsoft Visual Studio Solution File, Format Version 12.00
# Visual Studio Version 16
VisualStudioVersion = 16.0.33529.622
MinimumVisualStudioVersion = 10.0.40219.1
Project("{FAE04EC0-301F-11D3-BF4B-00C04F79EFBC}") = "ItlaAcademic.Web", "ItlaAcademic.Web\ItlaAcademic.Web.csproj", "{DAA1FFE3-1807-4608-8C6C-651DF7520374}"
EndProject
Project("{FAE04EC0-301F-11D3-BF4B-00C04F79EFBC}") = "ItlaAcademic.Infraestructure", "ItlaAcademic.Infraestructure\ItlaAcademic.Infraestructure.csproj", "{82FAA3B9-1496-4F51-91AD-80D491188C10}"
EndProject
Project("{FAE04EC0-301F-11D3-BF4B-00C04F79EFBC}") = "ItlaAcademic.Application", "ItlaAcademic.Application\ItlaAcademic.Application.csproj", "{611C1BAA-BD00-45EC-A636-D05B04B95B26}"
EndProject
Project("{FAE04EC0-301F-11D3-BF4B-00C04F79EFBC}") = "ItlaAcademic.Api", "ItlaAcademic.Api\ItlaAcademic.Api.csproj", "{3FFE464F-44D7-427F-956F-86C51B332EB7}"
EndProject
Project("{FAE04EC0-301F-11D3-BF4B-00C04F79EFBC}") = "ItlaAcademic.Domain", "ItlaAcademic.Domain\ItlaAcademic.Domain.csproj", "{A5490758-111D-440A-979F-41BB8FA97B19}"
EndProject
Project("{FAE04EC0-301F-11D3-BF4B-00C04F79EFBC}") = "ItlaAcademic.IOC", "ItlaAcademic.IOC\ItlaAcademic.IOC.csproj", "{6ED060B7-C1F4-482A-8B55-D9B7B02784EA}"
EndProject
Global
	GlobalSection(SolutionConfigurationPlatforms) = preSolution
		Debug|Any CPU = Debug|Any CPU
		Release|Any CPU = Release|Any CPU
	EndGlobalSection
	GlobalSection(ProjectConfigurationPlatforms) = postSolution
		{DAA1FFE3-1807-4608-8C6C-651DF7520374}.Debug|Any CPU.ActiveCfg = Debug|Any CPU
		{DAA1FFE3-1807-4608-8C6C-651DF7520374}.Debug|Any CPU.Build.0 = Debug|Any CPU
		{DAA1FFE3-1807-4608-8C6C-651DF7520374}.Release|Any CPU.ActiveCfg = Release|Any CPU
		{DAA1FFE3-1807-4608-8C6C-651DF7520374}.Release|Any CPU.Build.0 = Release|Any CPU
		{82FAA3B9-1496-4F51-91AD-80D491188C10}.Debug|Any CPU.ActiveCfg = Debug|Any CPU
		{82FAA3B9-1496-4F51-91AD-80D491188C10}.Debug|Any CPU.Build.0 = Debug|Any CPU
		{82FAA3B9-1496-4F51-91AD-80D491188C10}.Release|Any CPU.ActiveCfg = Release|Any CPU
		{82FAA3B9-1496-4F51-91AD-80D491188C10}.Release|Any CPU.Build.0 = Release|Any CPU
		{611C1BAA-BD00-45EC-A636-D05B04B95B26}.Debug|Any CPU.ActiveCfg = Debug|Any CPU
		{611C1BAA-BD00-45EC-A636-D05B04B95B26}.Debug|Any CPU.Build.0 = Debug|Any CPU
		{611C1BAA-BD00-45EC-A636-D05B04B95B26}.Release|Any CPU.ActiveCfg = Release|Any CPU
		{611C1BAA-BD00-45EC-A636-D05B04B95B26}.Release|Any CPU.Build.0 = Release|Any CPU
		{3FFE464F-44D7-427F-956F-86C51B332EB7}.Debug|Any CPU.ActiveCfg = Debug|Any CPU
		{3FFE464F-44D7-427F-956F-86C51B332EB7}.Debug|Any CPU.Build.0 = Debug|Any CPU
		{3FFE464F-44D7-427F-956F-86C51B332EB7}.Release|Any CPU.ActiveCfg = Release|Any CPU
		{3FFE464F-44D7-427F-956F-86C51B332EB7}.Release|Any CPU.Build.0 = Release|Any CPU
		{A5490758-111D-440A-979F-41BB8FA97B19}.Debug|Any CPU.ActiveCfg = Debug|Any CPU
		{A5490758-111D-440A-979F-41BB8FA97B19}.Debug|Any CPU.Build.0 = Debug|Any CPU
		{A5490758-111D-440A-979F-41BB8FA97B19}.Release|Any CPU.ActiveCfg = Release|Any CPU
		{A5490758-111D-440A-979F-41BB8FA97B19}.Release|Any CPU.Build.0 = Release|Any CPU
		{6ED060B7-C1F4-482A-8B55-D9B7B02784EA}.Debug|Any CPU.ActiveCfg = Debug|Any CPU
		{6ED060B7-C1F4-482A-8B55-D9B7B02784EA}.Debug|Any CPU.Build.0 = Debug|Any CPU
		{6ED060B7-C1F4-482A-8B55-D9B7B02784EA}.Release|Any CPU.ActiveCfg = Release|Any CPU
		{6ED060B7-C1F4-482A-8B55-D9B7B02784EA}.Release|Any CPU.Build.0 = Release|Any CPU
	EndGlobalSection
	GlobalSection(SolutionProperties) = preSolution
		HideSolutionNode = FALSE
	EndGlobalSection
	GlobalSection(ExtensibilityGlobals) = postSolution
		SolutionGuid = {59C2DA29-BEE5-40F1-9A08-E3656C2D620D}
	EndGlobalSection
EndGlobal
